
Microsoft Visual Studio Solution File, Format Version 12.00
# Visual Studio Version 17
VisualStudioVersion = 17.10.34916.146
MinimumVisualStudioVersion = 10.0.40219.1
Project("{9A19103F-16F7-4668-BE54-9A1E7A4F7556}") = "Chatbot.Core", "Chatbot.Core\Chatbot.Core.csproj", "{30AB01A7-C27F-4AE9-9DBA-3F35F31827EF}"
EndProject
Project("{9A19103F-16F7-4668-BE54-9A1E7A4F7556}") = "Chatbot.Infrastructure", "Chatbot.Infrastructure\Chatbot.Infrastructure.csproj", "{7872434E-C637-41D1-AF4A-21A97F921F37}"
EndProject
Project("{9A19103F-16F7-4668-BE54-9A1E7A4F7556}") = "Chatbot.Bot", "Chatbot.Bot\Chatbot.Bot.csproj", "{D9556D8A-7257-4627-B03A-463C89648C6F}"
EndProject
Project("{FAE04EC0-301F-11D3-BF4B-00C04F79EFBC}") = "Chatbot.App", "Chatbot.App\Chatbot.App.csproj", "{F6BAE70D-9123-C155-EFFB-D77C2741F150}"
EndProject
Global
	GlobalSection(SolutionConfigurationPlatforms) = preSolution
		Debug|Any CPU = Debug|Any CPU
		Release|Any CPU = Release|Any CPU
	EndGlobalSection
	GlobalSection(ProjectConfigurationPlatforms) = postSolution
		{30AB01A7-C27F-4AE9-9DBA-3F35F31827EF}.Debug|Any CPU.ActiveCfg = Debug|Any CPU
		{30AB01A7-C27F-4AE9-9DBA-3F35F31827EF}.Debug|Any CPU.Build.0 = Debug|Any CPU
		{30AB01A7-C27F-4AE9-9DBA-3F35F31827EF}.Release|Any CPU.ActiveCfg = Release|Any CPU
		{30AB01A7-C27F-4AE9-9DBA-3F35F31827EF}.Release|Any CPU.Build.0 = Release|Any CPU
		{7872434E-C637-41D1-AF4A-21A97F921F37}.Debug|Any CPU.ActiveCfg = Debug|Any CPU
		{7872434E-C637-41D1-AF4A-21A97F921F37}.Debug|Any CPU.Build.0 = Debug|Any CPU
		{7872434E-C637-41D1-AF4A-21A97F921F37}.Release|Any CPU.ActiveCfg = Release|Any CPU
		{7872434E-C637-41D1-AF4A-21A97F921F37}.Release|Any CPU.Build.0 = Release|Any CPU
		{D9556D8A-7257-4627-B03A-463C89648C6F}.Debug|Any CPU.ActiveCfg = Debug|Any CPU
		{D9556D8A-7257-4627-B03A-463C89648C6F}.Debug|Any CPU.Build.0 = Debug|Any CPU
		{D9556D8A-7257-4627-B03A-463C89648C6F}.Release|Any CPU.ActiveCfg = Release|Any CPU
		{D9556D8A-7257-4627-B03A-463C89648C6F}.Release|Any CPU.Build.0 = Release|Any CPU
		{F6BAE70D-9123-C155-EFFB-D77C2741F150}.Debug|Any CPU.ActiveCfg = Debug|Any CPU
		{F6BAE70D-9123-C155-EFFB-D77C2741F150}.Debug|Any CPU.Build.0 = Debug|Any CPU
		{F6BAE70D-9123-C155-EFFB-D77C2741F150}.Release|Any CPU.ActiveCfg = Release|Any CPU
		{F6BAE70D-9123-C155-EFFB-D77C2741F150}.Release|Any CPU.Build.0 = Release|Any CPU
	EndGlobalSection
	GlobalSection(SolutionProperties) = preSolution
		HideSolutionNode = FALSE
	EndGlobalSection
	GlobalSection(ExtensibilityGlobals) = postSolution
		SolutionGuid = {D73FA536-B326-49E3-A513-D29800D1E69A}
	EndGlobalSection
EndGlobal
